
Microsoft Visual Studio Solution File, Format Version 12.00
# Visual Studio Version 16
VisualStudioVersion = 16.0.30330.147
MinimumVisualStudioVersion = 10.0.40219.1
Project("{8BC9CEB8-8B4A-11D0-8D11-00A0C91BC942}") = "PhysicsWindows", "PhysicsWindows\PhysicsWindows.vcxproj", "{CA9E7748-6944-4883-A745-37D20123159A}"
EndProject
Global
	GlobalSection(SolutionConfigurationPlatforms) = preSolution
		Debug|x64 = Debug|x64
		Debug|x86 = Debug|x86
		Release|x64 = Release|x64
		Release|x86 = Release|x86
	EndGlobalSection
	GlobalSection(ProjectConfigurationPlatforms) = postSolution
		{CA9E7748-6944-4883-A745-37D20123159A}.Debug|x64.ActiveCfg = Debug|x64
		{CA9E7748-6944-4883-A745-37D20123159A}.Debug|x64.Build.0 = Debug|x64
		{CA9E7748-6944-4883-A745-37D20123159A}.Debug|x86.ActiveCfg = Debug|Win32
		{CA9E7748-6944-4883-A745-37D20123159A}.Debug|x86.Build.0 = Debug|Win32
		{CA9E7748-6944-4883-A745-37D20123159A}.Release|x64.ActiveCfg = Release|x64
		{CA9E7748-6944-4883-A745-37D20123159A}.Release|x64.Build.0 = Release|x64
		{CA9E7748-6944-4883-A745-37D20123159A}.Release|x86.ActiveCfg = Release|Win32
		{CA9E7748-6944-4883-A745-37D20123159A}.Release|x86.Build.0 = Release|Win32
	EndGlobalSection
	GlobalSection(SolutionProperties) = preSolution
		HideSolutionNode = FALSE
	EndGlobalSection
	GlobalSection(ExtensibilityGlobals) = postSolution
		SolutionGuid = {DE00F27A-733E-4E68-A4E5-0DF64297DCDD}
	EndGlobalSection
EndGlobal
